
Microsoft Visual Studio Solution File, Format Version 12.00
# Visual Studio 14
VisualStudioVersion = 14.0.25420.1
MinimumVisualStudioVersion = 10.0.40219.1
Project("{FAE04EC0-301F-11D3-BF4B-00C04F79EFBC}") = "Project1804F1", "Project1804F1\Project1804F1.csproj", "{ED7865D6-D6A6-4E0C-A4A5-E8A9804D77BE}"
EndProject
Global
	GlobalSection(SolutionConfigurationPlatforms) = preSolution
		Debug|Any CPU = Debug|Any CPU
		Release|Any CPU = Release|Any CPU
	EndGlobalSection
	GlobalSection(ProjectConfigurationPlatforms) = postSolution
		{ED7865D6-D6A6-4E0C-A4A5-E8A9804D77BE}.Debug|Any CPU.ActiveCfg = Debug|Any CPU
		{ED7865D6-D6A6-4E0C-A4A5-E8A9804D77BE}.Debug|Any CPU.Build.0 = Debug|Any CPU
		{ED7865D6-D6A6-4E0C-A4A5-E8A9804D77BE}.Release|Any CPU.ActiveCfg = Release|Any CPU
		{ED7865D6-D6A6-4E0C-A4A5-E8A9804D77BE}.Release|Any CPU.Build.0 = Release|Any CPU
	EndGlobalSection
	GlobalSection(SolutionProperties) = preSolution
		HideSolutionNode = FALSE
	EndGlobalSection
EndGlobal
